
Microsoft Visual Studio Solution File, Format Version 12.00
# Visual Studio Version 16
VisualStudioVersion = 16.0.29411.108
MinimumVisualStudioVersion = 10.0.40219.1
Project("{9A19103F-16F7-4668-BE54-9A1E7A4F7556}") = "Garage1", "Garage1.csproj", "{0223112F-7FF0-418C-91E0-0485DC107BB6}"
EndProject
Project("{FAE04EC0-301F-11D3-BF4B-00C04F79EFBC}") = "UnitTestGarage1", "..\UnitTestGarage1\UnitTestGarage1.csproj", "{BC079DB8-4040-4234-B277-6049EE2AE7B9}"
EndProject
Global
	GlobalSection(SolutionConfigurationPlatforms) = preSolution
		Debug|Any CPU = Debug|Any CPU
		Release|Any CPU = Release|Any CPU
	EndGlobalSection
	GlobalSection(ProjectConfigurationPlatforms) = postSolution
		{0223112F-7FF0-418C-91E0-0485DC107BB6}.Debug|Any CPU.ActiveCfg = Debug|Any CPU
		{0223112F-7FF0-418C-91E0-0485DC107BB6}.Debug|Any CPU.Build.0 = Debug|Any CPU
		{0223112F-7FF0-418C-91E0-0485DC107BB6}.Release|Any CPU.ActiveCfg = Release|Any CPU
		{0223112F-7FF0-418C-91E0-0485DC107BB6}.Release|Any CPU.Build.0 = Release|Any CPU
		{BC079DB8-4040-4234-B277-6049EE2AE7B9}.Debug|Any CPU.ActiveCfg = Debug|Any CPU
		{BC079DB8-4040-4234-B277-6049EE2AE7B9}.Debug|Any CPU.Build.0 = Debug|Any CPU
		{BC079DB8-4040-4234-B277-6049EE2AE7B9}.Release|Any CPU.ActiveCfg = Release|Any CPU
		{BC079DB8-4040-4234-B277-6049EE2AE7B9}.Release|Any CPU.Build.0 = Release|Any CPU
	EndGlobalSection
	GlobalSection(SolutionProperties) = preSolution
		HideSolutionNode = FALSE
	EndGlobalSection
	GlobalSection(ExtensibilityGlobals) = postSolution
		SolutionGuid = {76C2724A-D94C-413A-A6C1-498F948D153C}
	EndGlobalSection
EndGlobal
